{
  "version": 4,
  "terraform_version": "0.14.3",
  "serial": 33,
  "lineage": "cbdb5c37-e0ff-0dfa-d9e3-07c7424f57b8",
  "outputs": {
    "passwords": {
      "value": {
        "!C\u003ex}Tp{": false,
        "\u0026LS=9\u0026P#": false,
        "JJQ_5Njm": false,
        "b}2!t7\u0026o": false,
        "n(rdI:\u0026C": false,
        "sWc#0?oM": false,
        "wpaz8S\u003ek": false
      },
      "type": [
        "object",
        {
          "!C\u003ex}Tp{": "bool",
          "\u0026LS=9\u0026P#": "bool",
          "JJQ_5Njm": "bool",
          "b}2!t7\u0026o": "bool",
          "n(rdI:\u0026C": "bool",
          "sWc#0?oM": "bool",
          "wpaz8S\u003ek": "bool"
        }
      ]
    },
    "test1": {
      "value": "\"users\":\n- \"key\": \"user[0].age\"\n  \"value\": 23\n- \"key\": \"user[0].city\"\n  \"value\": \"barcelona\"\n- \"key\": \"user[0].name\"\n  \"value\": \"john\"\n- \"key\": \"user[0].password\"\n  \"value\": \"!C\u003ex}Tp{\"\n- \"key\": \"user[1].age\"\n  \"value\": 29\n- \"key\": \"user[1].city\"\n  \"value\": \"london\"\n- \"key\": \"user[1].name\"\n  \"value\": \"bob\"\n- \"key\": \"user[1].password\"\n  \"value\": \"\u0026LS=9\u0026P#\"\n- \"key\": \"user[2].age\"\n  \"value\": 12\n- \"key\": \"user[2].city\"\n  \"value\": \"barcelona\"\n- \"key\": \"user[2].name\"\n  \"value\": \"Jonny\"\n- \"key\": \"user[2].password\"\n  \"value\": \"JJQ_5Njm\"\n- \"key\": \"user[3].age\"\n  \"value\": 12\n- \"key\": \"user[3].city\"\n  \"value\": \"london\"\n- \"key\": \"user[3].name\"\n  \"value\": \"boby\"\n- \"key\": \"user[3].password\"\n  \"value\": \"sWc#0?oM\"\n- \"key\": \"user[4].age\"\n  \"value\": 24\n- \"key\": \"user[4].city\"\n  \"value\": \"barcelona\"\n- \"key\": \"user[4].name\"\n  \"value\": \"lonny\"\n- \"key\": \"user[4].password\"\n  \"value\": \"n(rdI:\u0026C\"\n- \"key\": \"user[5].age\"\n  \"value\": 15\n- \"key\": \"user[5].city\"\n  \"value\": \"paris\"\n- \"key\": \"user[5].name\"\n  \"value\": \"Ariel\"\n- \"key\": \"user[5].password\"\n  \"value\": \"wpaz8S\u003ek\"\n- \"key\": \"user[6].age\"\n  \"value\": 26\n- \"key\": \"user[6].city\"\n  \"value\": \"paris\"\n- \"key\": \"user[6].name\"\n  \"value\": \"Ben\"\n- \"key\": \"user[6].password\"\n  \"value\": \"b}2!t7\u0026o\"\n",
      "type": "string"
    },
    "test2": {
      "value": {
        "barcelona": [
          {
            "age": 12,
            "name": "Jonny",
            "password": "JJQ_5Njm"
          },
          {
            "age": 23,
            "name": "john",
            "password": "!C\u003ex}Tp{"
          },
          {
            "age": 24,
            "name": "lonny",
            "password": "n(rdI:\u0026C"
          }
        ],
        "london": [
          {
            "age": 12,
            "name": "boby",
            "password": "sWc#0?oM"
          },
          {
            "age": 29,
            "name": "bob",
            "password": "\u0026LS=9\u0026P#"
          }
        ],
        "paris": [
          {
            "age": 15,
            "name": "Ariel",
            "password": "wpaz8S\u003ek"
          },
          {
            "age": 26,
            "name": "Ben",
            "password": "b}2!t7\u0026o"
          }
        ]
      },
      "type": [
        "object",
        {
          "barcelona": [
            "tuple",
            [
              [
                "object",
                {
                  "age": "number",
                  "name": "string",
                  "password": "string"
                }
              ],
              [
                "object",
                {
                  "age": "number",
                  "name": "string",
                  "password": "string"
                }
              ],
              [
                "object",
                {
                  "age": "number",
                  "name": "string",
                  "password": "string"
                }
              ]
            ]
          ],
          "london": [
            "tuple",
            [
              [
                "object",
                {
                  "age": "number",
                  "name": "string",
                  "password": "string"
                }
              ],
              [
                "object",
                {
                  "age": "number",
                  "name": "string",
                  "password": "string"
                }
              ]
            ]
          ],
          "paris": [
            "tuple",
            [
              [
                "object",
                {
                  "age": "number",
                  "name": "string",
                  "password": "string"
                }
              ],
              [
                "object",
                {
                  "age": "number",
                  "name": "string",
                  "password": "string"
                }
              ]
            ]
          ]
        }
      ]
    }
  },
  "resources": [
    {
      "mode": "managed",
      "type": "local_file",
      "name": "users_to_readme_table",
      "provider": "provider[\"registry.terraform.io/hashicorp/local\"]",
      "instances": [
        {
          "schema_version": 0,
          "attributes": {
            "content": "|Name|Age|City|Password|\n|:--|:--:|:--|--:|\n|Jonny|12|barcelona|false|\n|john|23|barcelona|false|\n|lonny|24|barcelona|false|\n|boby|12|london|false|\n|bob|29|london|false|\n|Ariel|15|paris|false|\n|Ben|26|paris|false|",
            "content_base64": null,
            "directory_permission": "0777",
            "file_permission": "0777",
            "filename": "users.md",
            "id": "be7de2ae4eaeb2824666b53016e4e284a2930a9a",
            "sensitive_content": null,
            "source": null
          },
          "sensitive_attributes": [],
          "private": "bnVsbA==",
          "dependencies": [
            "random_string.random"
          ]
        }
      ]
    },
    {
      "mode": "managed",
      "type": "random_string",
      "name": "random",
      "provider": "provider[\"registry.terraform.io/hashicorp/random\"]",
      "instances": [
        {
          "index_key": 0,
          "schema_version": 1,
          "attributes": {
            "id": "!C\u003ex}Tp{",
            "keepers": null,
            "length": 8,
            "lower": true,
            "min_lower": 0,
            "min_numeric": 0,
            "min_special": 0,
            "min_upper": 0,
            "number": true,
            "override_special": null,
            "result": "!C\u003ex}Tp{",
            "special": true,
            "upper": true
          },
          "sensitive_attributes": [],
          "private": "eyJzY2hlbWFfdmVyc2lvbiI6IjEifQ=="
        },
        {
          "index_key": 1,
          "schema_version": 1,
          "attributes": {
            "id": "\u0026LS=9\u0026P#",
            "keepers": null,
            "length": 8,
            "lower": true,
            "min_lower": 0,
            "min_numeric": 0,
            "min_special": 0,
            "min_upper": 0,
            "number": true,
            "override_special": null,
            "result": "\u0026LS=9\u0026P#",
            "special": true,
            "upper": true
          },
          "sensitive_attributes": [],
          "private": "eyJzY2hlbWFfdmVyc2lvbiI6IjEifQ=="
        },
        {
          "index_key": 2,
          "schema_version": 1,
          "attributes": {
            "id": "JJQ_5Njm",
            "keepers": null,
            "length": 8,
            "lower": true,
            "min_lower": 0,
            "min_numeric": 0,
            "min_special": 0,
            "min_upper": 0,
            "number": true,
            "override_special": null,
            "result": "JJQ_5Njm",
            "special": true,
            "upper": true
          },
          "sensitive_attributes": [],
          "private": "eyJzY2hlbWFfdmVyc2lvbiI6IjEifQ=="
        },
        {
          "index_key": 3,
          "schema_version": 1,
          "attributes": {
            "id": "sWc#0?oM",
            "keepers": null,
            "length": 8,
            "lower": true,
            "min_lower": 0,
            "min_numeric": 0,
            "min_special": 0,
            "min_upper": 0,
            "number": true,
            "override_special": null,
            "result": "sWc#0?oM",
            "special": true,
            "upper": true
          },
          "sensitive_attributes": [],
          "private": "eyJzY2hlbWFfdmVyc2lvbiI6IjEifQ=="
        },
        {
          "index_key": 4,
          "schema_version": 1,
          "attributes": {
            "id": "n(rdI:\u0026C",
            "keepers": null,
            "length": 8,
            "lower": true,
            "min_lower": 0,
            "min_numeric": 0,
            "min_special": 0,
            "min_upper": 0,
            "number": true,
            "override_special": null,
            "result": "n(rdI:\u0026C",
            "special": true,
            "upper": true
          },
          "sensitive_attributes": [],
          "private": "eyJzY2hlbWFfdmVyc2lvbiI6IjEifQ=="
        },
        {
          "index_key": 5,
          "schema_version": 1,
          "attributes": {
            "id": "wpaz8S\u003ek",
            "keepers": null,
            "length": 8,
            "lower": true,
            "min_lower": 0,
            "min_numeric": 0,
            "min_special": 0,
            "min_upper": 0,
            "number": true,
            "override_special": null,
            "result": "wpaz8S\u003ek",
            "special": true,
            "upper": true
          },
          "sensitive_attributes": [],
          "private": "eyJzY2hlbWFfdmVyc2lvbiI6IjEifQ=="
        },
        {
          "index_key": 6,
          "schema_version": 1,
          "attributes": {
            "id": "b}2!t7\u0026o",
            "keepers": null,
            "length": 8,
            "lower": true,
            "min_lower": 0,
            "min_numeric": 0,
            "min_special": 0,
            "min_upper": 0,
            "number": true,
            "override_special": null,
            "result": "b}2!t7\u0026o",
            "special": true,
            "upper": true
          },
          "sensitive_attributes": [],
          "private": "eyJzY2hlbWFfdmVyc2lvbiI6IjEifQ=="
        }
      ]
    }
  ]
}
